
Microsoft Visual Studio Solution File, Format Version 12.00
# Visual Studio 15
VisualStudioVersion = 15.0.28307.329
MinimumVisualStudioVersion = 10.0.40219.1
Project("{FAE04EC0-301F-11D3-BF4B-00C04F79EFBC}") = "DCP-586", "DCP-586\DCP-586.csproj", "{0C3C62CF-327D-4437-9468-8881E2909DD9}"
EndProject
Global
	GlobalSection(SolutionConfigurationPlatforms) = preSolution
		Debug|Any CPU = Debug|Any CPU
		Release|Any CPU = Release|Any CPU
	EndGlobalSection
	GlobalSection(ProjectConfigurationPlatforms) = postSolution
		{0C3C62CF-327D-4437-9468-8881E2909DD9}.Debug|Any CPU.ActiveCfg = Debug|Any CPU
		{0C3C62CF-327D-4437-9468-8881E2909DD9}.Debug|Any CPU.Build.0 = Debug|Any CPU
		{0C3C62CF-327D-4437-9468-8881E2909DD9}.Release|Any CPU.ActiveCfg = Release|Any CPU
		{0C3C62CF-327D-4437-9468-8881E2909DD9}.Release|Any CPU.Build.0 = Release|Any CPU
	EndGlobalSection
	GlobalSection(SolutionProperties) = preSolution
		HideSolutionNode = FALSE
	EndGlobalSection
	GlobalSection(ExtensibilityGlobals) = postSolution
		SolutionGuid = {5B2BDE92-9E22-4053-9A9E-F99E9F61C636}
	EndGlobalSection
EndGlobal
